<?xml version="1.0" encoding="utf-8"?>
<Project ToolsVersion="4.0" xmlns="http://schemas.microsoft.com/developer/msbuild/2003">
  <ItemGroup>
    <Filter Include="Source Files">
      <UniqueIdentifier>{4FC737F1-C7A5-4376-A066-2A32D752A2FF}</UniqueIdentifier>
      <Extensions>cpp;c;cc;cxx;def;odl;idl;hpj;bat;asm;asmx</Extensions>
    </Filter>
    <Filter Include="Header Files">
      <UniqueIdentifier>{93995380-89BD-4b04-88EB-625FBE52EBFB}</UniqueIdentifier>
      <Extensions>h;hh;hpp;hxx;hm;inl;inc;xsd</Extensions>
    </Filter>
    <Filter Include="Resource Files">
      <UniqueIdentifier>{67DA6AB6-F800-4c08-8B7A-83BB121AAD01}</UniqueIdentifier>
      <Extensions>rc;ico;cur;bmp;dlg;rc2;rct;bin;rgs;gif;jpg;jpeg;jpe;resx;tiff;tif;png;wav;mfcribbon-ms</Extensions>
    </Filter>
    <Filter Include="Source Files\Handler">
      <UniqueIdentifier>{47fc771b-024b-4633-a70b-b3c5a74d0caa}</UniqueIdentifier>
    </Filter>
    <Filter Include="Source Files\Input">
      <UniqueIdentifier>{ecc259bd-7d78-4d93-931d-34234b60a585}</UniqueIdentifier>
    </Filter>
    <Filter Include="Source Files\Math">
      <UniqueIdentifier>{8e1f8dbc-06bc-490b-abd0-e467988a8bf4}</UniqueIdentifier>
    </Filter>
    <Filter Include="Source Files\Memory">
      <UniqueIdentifier>{488df53a-2573-446e-a20a-2ae19cb2dcc8}</UniqueIdentifier>
    </Filter>
    <Filter Include="Source Files\Object">
      <UniqueIdentifier>{d3e0c684-30b4-4731-aad2-35ef36622170}</UniqueIdentifier>
    </Filter>
    <Filter Include="Source Files\Physics">
      <UniqueIdentifier>{427c5aca-6222-4cb3-a8b2-4fd67b56cfce}</UniqueIdentifier>
    </Filter>
    <Filter Include="Source Files\Threading">
      <UniqueIdentifier>{255d6b42-956f-4060-a47c-50269af66fc9}</UniqueIdentifier>
    </Filter>
    <Filter Include="Source Files\Job System">
      <UniqueIdentifier>{035990db-a91d-4a32-a8c9-657e69c26ef7}</UniqueIdentifier>
    </Filter>
    <Filter Include="Header Files\Handler">
      <UniqueIdentifier>{ad008515-a649-42da-a44e-17925881e216}</UniqueIdentifier>
    </Filter>
    <Filter Include="Header Files\Input">
      <UniqueIdentifier>{0dd914f0-eaa6-4cff-8055-635a88642cd9}</UniqueIdentifier>
    </Filter>
    <Filter Include="Header Files\Math">
      <UniqueIdentifier>{6b9f4ef2-4f5e-4c9d-b425-6b5d568ab9b1}</UniqueIdentifier>
    </Filter>
    <Filter Include="Header Files\Memory">
      <UniqueIdentifier>{52cf562a-bc39-4c7b-8aa6-07b9b769776e}</UniqueIdentifier>
    </Filter>
    <Filter Include="Header Files\Object">
      <UniqueIdentifier>{f068158a-538f-43a0-b323-b576819f4b6a}</UniqueIdentifier>
    </Filter>
    <Filter Include="Header Files\Physics">
      <UniqueIdentifier>{af06e593-3413-4b1a-8fb8-4efe366f14bc}</UniqueIdentifier>
    </Filter>
    <Filter Include="Header Files\Threading">
      <UniqueIdentifier>{1b026ba0-59a0-41ec-b28b-4337481c21ef}</UniqueIdentifier>
    </Filter>
    <Filter Include="Header Files\Job System">
      <UniqueIdentifier>{16656009-635a-452b-8ce4-0fdc201ae0fa}</UniqueIdentifier>
    </Filter>
  </ItemGroup>
  <ItemGroup>
    <ClCompile Include="Handler\Source\Private\DebugPrint.cpp">
      <Filter>Source Files\Handler</Filter>
    </ClCompile>
    <ClCompile Include="Handler\Source\Private\Handler.cpp">
      <Filter>Source Files\Handler</Filter>
    </ClCompile>
    <ClCompile Include="Input\Source\Private\Input.cpp">
      <Filter>Source Files\Input</Filter>
    </ClCompile>
    <ClCompile Include="Math\Source\Private\Point2D.cpp">
      <Filter>Source Files\Math</Filter>
    </ClCompile>
    <ClCompile Include="Math\Source\Private\Timer.cpp">
      <Filter>Source Files\Math</Filter>
    </ClCompile>
    <ClCompile Include="Memory\Source\Private\BitArray.cpp">
      <Filter>Source Files\Memory</Filter>
    </ClCompile>
    <ClCompile Include="Memory\Source\Private\BlockAllocator.cpp">
      <Filter>Source Files\Memory</Filter>
    </ClCompile>
    <ClCompile Include="Memory\Source\Private\FixedSizeAllocator.cpp">
      <Filter>Source Files\Memory</Filter>
    </ClCompile>
    <ClCompile Include="Memory\Source\Private\FSAManager.cpp">
      <Filter>Source Files\Memory</Filter>
    </ClCompile>
    <ClCompile Include="Memory\Source\Private\MemoryOperator.cpp">
      <Filter>Source Files\Memory</Filter>
    </ClCompile>
    <ClCompile Include="Memory\Source\Private\StringPool.cpp">
      <Filter>Source Files\Memory</Filter>
    </ClCompile>
    <ClCompile Include="Memory\Source\Private\ReferenceCounter.cpp">
      <Filter>Source Files\Memory</Filter>
    </ClCompile>
    <ClCompile Include="Object\Source\Private\GameObject.cpp">
      <Filter>Source Files\Object</Filter>
    </ClCompile>
    <ClCompile Include="Object\Source\Private\GameObjectCreator.cpp">
      <Filter>Source Files\Object</Filter>
    </ClCompile>
    <ClCompile Include="Physics\Source\Private\PhysicsInfo.cpp">
      <Filter>Source Files\Physics</Filter>
    </ClCompile>
    <ClCompile Include="Threading\Source\Private\ConsolePrint.cpp">
      <Filter>Source Files\Threading</Filter>
    </ClCompile>
    <ClCompile Include="Threading\Source\Private\Events.cpp">
      <Filter>Source Files\Threading</Filter>
    </ClCompile>
    <ClCompile Include="Threading\Source\Private\Mutex.cpp">
      <Filter>Source Files\Threading</Filter>
    </ClCompile>
    <ClCompile Include="Threading\Source\Private\Semaphore.cpp">
      <Filter>Source Files\Threading</Filter>
    </ClCompile>
    <ClCompile Include="Job System\Source\Private\IJob.cpp">
      <Filter>Source Files\Job System</Filter>
    </ClCompile>
    <ClCompile Include="Job System\Source\Private\JobRunner.cpp">
      <Filter>Source Files\Job System</Filter>
    </ClCompile>
    <ClCompile Include="Job System\Source\Private\JobSystem.cpp">
      <Filter>Source Files\Job System</Filter>
    </ClCompile>
    <ClCompile Include="Job System\Source\Private\SharedJobQueue.cpp">
      <Filter>Source Files\Job System</Filter>
    </ClCompile>
    <ClCompile Include="Input\Source\Private\ThreadedFileProcessor.cpp">
      <Filter>Source Files\Input</Filter>
    </ClCompile>
    <ClCompile Include="Threading\Source\Private\ShowTask.cpp">
      <Filter>Source Files\Threading</Filter>
    </ClCompile>
    <ClCompile Include="Math\Source\Private\Matrix4X4.cpp">
      <Filter>Source Files\Math</Filter>
    </ClCompile>
    <ClCompile Include="Math\Source\Private\Vector3D.cpp">
      <Filter>Source Files\Math</Filter>
    </ClCompile>
    <ClCompile Include="Math\Source\Private\Vector4D.cpp">
      <Filter>Source Files\Math</Filter>
    </ClCompile>
    <ClCompile Include="Handler\Source\Private\ValidityErrorChecker.cpp">
      <Filter>Source Files\Handler</Filter>
    </ClCompile>
    <ClCompile Include="Input\Source\Private\SpriteLoader.cpp">
      <Filter>Source Files\Input</Filter>
    </ClCompile>
    <ClCompile Include="Input\Source\Private\Sprite.cpp">
      <Filter>Source Files\Input</Filter>
    </ClCompile>
    <ClCompile Include="Physics\Source\Private\CollisionChecker.cpp">
      <Filter>Source Files\Physics</Filter>
    </ClCompile>
    <ClCompile Include="Math\Source\Private\SIMDVector4D.cpp">
      <Filter>Source Files\Math</Filter>
    </ClCompile>
    <ClCompile Include="Math\Source\Private\SIMDMatrix4X4.cpp">
      <Filter>Source Files\Math</Filter>
    </ClCompile>
    <ClCompile Include="Memory\Source\Private\Accumulator.cpp">
      <Filter>Source Files\Memory</Filter>
    </ClCompile>
  </ItemGroup>
  <ItemGroup>
    <ClInclude Include="Handler\Source\DebugPrint.h">
      <Filter>Header Files\Handler</Filter>
    </ClInclude>
    <ClInclude Include="Handler\Source\Handler.h">
      <Filter>Header Files\Handler</Filter>
    </ClInclude>
    <ClInclude Include="Input\Source\Input.h">
      <Filter>Header Files\Input</Filter>
    </ClInclude>
    <ClInclude Include="Math\Source\Point2D.h">
      <Filter>Header Files\Math</Filter>
    </ClInclude>
    <ClInclude Include="Math\Source\Timer.h">
      <Filter>Header Files\Math</Filter>
    </ClInclude>
    <ClInclude Include="Math\Source\Private\Point2D.hpp">
      <Filter>Source Files\Math</Filter>
    </ClInclude>
    <ClInclude Include="Memory\Source\BitArray.h">
      <Filter>Header Files\Memory</Filter>
    </ClInclude>
    <ClInclude Include="Memory\Source\BlockAllocator.h">
      <Filter>Header Files\Memory</Filter>
    </ClInclude>
    <ClInclude Include="Memory\Source\FixedSizeAllocator.h">
      <Filter>Header Files\Memory</Filter>
    </ClInclude>
    <ClInclude Include="Memory\Source\FSAManager.h">
      <Filter>Header Files\Memory</Filter>
    </ClInclude>
    <ClInclude Include="Memory\Source\HashedString.h">
      <Filter>Header Files\Memory</Filter>
    </ClInclude>
    <ClInclude Include="Memory\Source\MemoryOperator.h">
      <Filter>Header Files\Memory</Filter>
    </ClInclude>
    <ClInclude Include="Memory\Source\PooledString.h">
      <Filter>Header Files\Memory</Filter>
    </ClInclude>
    <ClInclude Include="Memory\Source\ReferenceCounter.h">
      <Filter>Header Files\Memory</Filter>
    </ClInclude>
    <ClInclude Include="Memory\Source\SmartPointer.h">
      <Filter>Header Files\Memory</Filter>
    </ClInclude>
    <ClInclude Include="Memory\Source\StringPool.h">
      <Filter>Header Files\Memory</Filter>
    </ClInclude>
    <ClInclude Include="Memory\Source\WeakPointer.h">
      <Filter>Header Files\Memory</Filter>
    </ClInclude>
    <ClInclude Include="Memory\Source\Private\BlockAllocator.hpp">
      <Filter>Source Files\Memory</Filter>
    </ClInclude>
    <ClInclude Include="Object\Source\GameObject.h">
      <Filter>Header Files\Object</Filter>
    </ClInclude>
    <ClInclude Include="Object\Source\GameObjectController.h">
      <Filter>Header Files\Object</Filter>
    </ClInclude>
    <ClInclude Include="Object\Source\GameObjectCreator.h">
      <Filter>Header Files\Object</Filter>
    </ClInclude>
    <ClInclude Include="Object\Source\Private\GameObject.hpp">
      <Filter>Source Files\Object</Filter>
    </ClInclude>
    <ClInclude Include="Physics\Source\PhysicsInfo.h">
      <Filter>Header Files\Physics</Filter>
    </ClInclude>
    <ClInclude Include="Threading\Source\ConsolePrint.h">
      <Filter>Header Files\Threading</Filter>
    </ClInclude>
    <ClInclude Include="Threading\Source\Events.h">
      <Filter>Header Files\Threading</Filter>
    </ClInclude>
    <ClInclude Include="Threading\Source\Mutex.h">
      <Filter>Header Files\Threading</Filter>
    </ClInclude>
    <ClInclude Include="Threading\Source\Semaphore.h">
      <Filter>Header Files\Threading</Filter>
    </ClInclude>
    <ClInclude Include="Threading\Source\SingleWriterMultipleReader.h">
      <Filter>Header Files\Threading</Filter>
    </ClInclude>
    <ClInclude Include="Threading\Source\WaitableObject.h">
      <Filter>Header Files\Threading</Filter>
    </ClInclude>
    <ClInclude Include="Job System\Source\IJob.h">
      <Filter>Header Files\Job System</Filter>
    </ClInclude>
    <ClInclude Include="Job System\Source\INamed.h">
      <Filter>Header Files\Job System</Filter>
    </ClInclude>
    <ClInclude Include="Job System\Source\JobRunner.h">
      <Filter>Header Files\Job System</Filter>
    </ClInclude>
    <ClInclude Include="Job System\Source\JobSystem.h">
      <Filter>Header Files\Job System</Filter>
    </ClInclude>
    <ClInclude Include="Job System\Source\SharedJobQueue.h">
      <Filter>Header Files\Job System</Filter>
    </ClInclude>
    <ClInclude Include="Job System\Source\Private\SharedJobQueue.hpp">
      <Filter>Source Files\Job System</Filter>
    </ClInclude>
    <ClInclude Include="Input\Source\FileProcessor.h">
      <Filter>Header Files\Input</Filter>
    </ClInclude>
    <ClInclude Include="Input\Source\ThreadedFileProcessor.h">
      <Filter>Header Files\Input</Filter>
    </ClInclude>
    <ClInclude Include="Threading\Source\ShowTask.h">
      <Filter>Header Files\Threading</Filter>
    </ClInclude>
    <ClInclude Include="Math\Source\Private\Matrix4X4.hpp">
      <Filter>Source Files\Math</Filter>
    </ClInclude>
    <ClInclude Include="Math\Source\Private\Vector3D.hpp">
      <Filter>Source Files\Math</Filter>
    </ClInclude>
    <ClInclude Include="Math\Source\Private\Vector4D.hpp">
      <Filter>Source Files\Math</Filter>
    </ClInclude>
    <ClInclude Include="Math\Source\Matrix4X4.h">
      <Filter>Header Files\Math</Filter>
    </ClInclude>
    <ClInclude Include="Math\Source\Vector3D.h">
      <Filter>Header Files\Math</Filter>
    </ClInclude>
    <ClInclude Include="Math\Source\Vector4D.h">
      <Filter>Header Files\Math</Filter>
    </ClInclude>
    <ClInclude Include="Handler\Source\ValidityErrorChecker.h">
      <Filter>Header Files\Handler</Filter>
    </ClInclude>
    <ClInclude Include="Input\Source\SpriteLoader.h">
      <Filter>Header Files\Input</Filter>
    </ClInclude>
    <ClInclude Include="Input\Source\Sprite.h">
      <Filter>Header Files\Input</Filter>
    </ClInclude>
    <ClInclude Include="Physics\Source\CollisionChecker.h">
      <Filter>Header Files\Physics</Filter>
    </ClInclude>
    <ClInclude Include="Handler\Source\MessagingSystem.h">
      <Filter>Header Files\Handler</Filter>
    </ClInclude>
    <ClInclude Include="Math\Source\SIMDVector4D.h">
      <Filter>Header Files\Math</Filter>
    </ClInclude>
    <ClInclude Include="Math\Source\SIMDMatrix4X4.h">
      <Filter>Header Files\Math</Filter>
    </ClInclude>
    <ClInclude Include="Memory\Source\Accumulator.h">
      <Filter>Header Files\Memory</Filter>
    </ClInclude>
  </ItemGroup>
  <ItemGroup>
    <Text Include="README.txt" />
  </ItemGroup>
  <ItemGroup>
    <None Include="ClassDiagram.cd" />
  </ItemGroup>
</Project>